
Microsoft Visual Studio Solution File, Format Version 12.00
# Visual Studio Version 16
VisualStudioVersion = 16.0.31410.357
MinimumVisualStudioVersion = 10.0.40219.1
Project("{9A19103F-16F7-4668-BE54-9A1E7A4F7556}") = "Launcher.App", "Launcher.App\Launcher.App.csproj", "{0D90F190-69DF-4BB9-B2C7-EF389F3131B6}"
EndProject
Project("{FAE04EC0-301F-11D3-BF4B-00C04F79EFBC}") = "Launcher.Resources", "Launcher.Resources\Launcher.Resources.csproj", "{80F902EA-6451-42B5-8B2B-EB27A5B4F14A}"
EndProject
Project("{FAE04EC0-301F-11D3-BF4B-00C04F79EFBC}") = "Updater.App", "Updater.App\Updater.App.csproj", "{339D45CD-C9DD-4B93-807B-CB40C27589CD}"
EndProject
Global
	GlobalSection(SolutionConfigurationPlatforms) = preSolution
		Debug|Any CPU = Debug|Any CPU
		Release|Any CPU = Release|Any CPU
	EndGlobalSection
	GlobalSection(ProjectConfigurationPlatforms) = postSolution
		{0D90F190-69DF-4BB9-B2C7-EF389F3131B6}.Debug|Any CPU.ActiveCfg = Debug|Any CPU
		{0D90F190-69DF-4BB9-B2C7-EF389F3131B6}.Debug|Any CPU.Build.0 = Debug|Any CPU
		{0D90F190-69DF-4BB9-B2C7-EF389F3131B6}.Release|Any CPU.ActiveCfg = Release|Any CPU
		{0D90F190-69DF-4BB9-B2C7-EF389F3131B6}.Release|Any CPU.Build.0 = Release|Any CPU
		{80F902EA-6451-42B5-8B2B-EB27A5B4F14A}.Debug|Any CPU.ActiveCfg = Debug|Any CPU
		{80F902EA-6451-42B5-8B2B-EB27A5B4F14A}.Debug|Any CPU.Build.0 = Debug|Any CPU
		{80F902EA-6451-42B5-8B2B-EB27A5B4F14A}.Release|Any CPU.ActiveCfg = Release|Any CPU
		{80F902EA-6451-42B5-8B2B-EB27A5B4F14A}.Release|Any CPU.Build.0 = Release|Any CPU
		{339D45CD-C9DD-4B93-807B-CB40C27589CD}.Debug|Any CPU.ActiveCfg = Debug|Any CPU
		{339D45CD-C9DD-4B93-807B-CB40C27589CD}.Debug|Any CPU.Build.0 = Debug|Any CPU
		{339D45CD-C9DD-4B93-807B-CB40C27589CD}.Release|Any CPU.ActiveCfg = Release|Any CPU
		{339D45CD-C9DD-4B93-807B-CB40C27589CD}.Release|Any CPU.Build.0 = Release|Any CPU
	EndGlobalSection
	GlobalSection(SolutionProperties) = preSolution
		HideSolutionNode = FALSE
	EndGlobalSection
	GlobalSection(ExtensibilityGlobals) = postSolution
		SolutionGuid = {A2485E50-52C4-4322-A396-848C03186F45}
	EndGlobalSection
EndGlobal
